
Microsoft Visual Studio Solution File, Format Version 12.00
# Visual Studio Version 17
VisualStudioVersion = 17.11.35312.102
MinimumVisualStudioVersion = 10.0.40219.1
Project("{FAE04EC0-301F-11D3-BF4B-00C04F79EFBC}") = "csharp_lesson", "csharp_lesson.csproj", "{231E6223-BFB1-411D-BEEE-F9143B02182A}"
EndProject
Global
	GlobalSection(SolutionConfigurationPlatforms) = preSolution
		Debug|Any CPU = Debug|Any CPU
		Release|Any CPU = Release|Any CPU
	EndGlobalSection
	GlobalSection(ProjectConfigurationPlatforms) = postSolution
		{231E6223-BFB1-411D-BEEE-F9143B02182A}.Debug|Any CPU.ActiveCfg = Debug|Any CPU
		{231E6223-BFB1-411D-BEEE-F9143B02182A}.Debug|Any CPU.Build.0 = Debug|Any CPU
		{231E6223-BFB1-411D-BEEE-F9143B02182A}.Release|Any CPU.ActiveCfg = Release|Any CPU
		{231E6223-BFB1-411D-BEEE-F9143B02182A}.Release|Any CPU.Build.0 = Release|Any CPU
	EndGlobalSection
	GlobalSection(SolutionProperties) = preSolution
		HideSolutionNode = FALSE
	EndGlobalSection
	GlobalSection(ExtensibilityGlobals) = postSolution
		SolutionGuid = {A2A6AE72-D2B5-4CD5-A3D4-8776503841DA}
	EndGlobalSection
EndGlobal
